{
  "lockfileVersion": 1,
  "configVersion": 1,
  "workspaces": {
    "": {
      "name": "web",
      "dependencies": {
        "@sentry/bun": "^10.39.0",
        "@sentry/react": "^10.39.0",
        "bun-plugin-tailwind": "^0.1.2",
        "class-variance-authority": "^0.7.1",
        "clsx": "^2.1.1",
        "effector": "^23.4.4",
        "effector-react": "^23.3.0",
        "react": "^19.1.5",
        "react-dom": "^19.1.5",
        "tailwind-merge": "^3.5.0",
        "zod": "^4.3.6",
      },
      "devDependencies": {
        "@biomejs/biome": "^2.4.4",
        "@playwright/test": "^1.58.2",
        "@types/react": "^19.2.14",
        "@types/react-dom": "^19.2.3",
        "bun-types": "^1.3.9",
        "tailwindcss": "^4.2.0",
        "typescript": "^5.9.3",
      },
    },
  },
  "packages": {
    "@apm-js-collab/code-transformer": ["@apm-js-collab/code-transformer@0.8.2", "", {}, "sha512-YRjJjNq5KFSjDUoqu5pFUWrrsvGOxl6c3bu+uMFc9HNNptZ2rNU/TI2nLw4jnhQNtka972Ee2m3uqbvDQtPeCA=="],

    "@apm-js-collab/tracing-hooks": ["@apm-js-collab/tracing-hooks@0.3.1", "", { "dependencies": { "@apm-js-collab/code-transformer": "^0.8.0", "debug": "^4.4.1", "module-details-from-path": "^1.0.4" } }, "sha512-Vu1CbmPURlN5fTboVuKMoJjbO5qcq9fA5YXpskx3dXe/zTBvjODFoerw+69rVBlRLrJpwPqSDqEuJDEKIrTldw=="],

    "@biomejs/biome": ["@biomejs/biome@2.4.4", "", { "optionalDependencies": { "@biomejs/cli-darwin-arm64": "2.4.4", "@biomejs/cli-darwin-x64": "2.4.4", "@biomejs/cli-linux-arm64": "2.4.4", "@biomejs/cli-linux-arm64-musl": "2.4.4", "@biomejs/cli-linux-x64": "2.4.4", "@biomejs/cli-linux-x64-musl": "2.4.4", "@biomejs/cli-win32-arm64": "2.4.4", "@biomejs/cli-win32-x64": "2.4.4" }, "bin": { "biome": "bin/biome" } }, "sha512-tigwWS5KfJf0cABVd52NVaXyAVv4qpUXOWJ1rxFL8xF1RVoeS2q/LK+FHgYoKMclJCuRoCWAPy1IXaN9/mS61Q=="],

    "@biomejs/cli-darwin-arm64": ["@biomejs/cli-darwin-arm64@2.4.4", "", { "os": "darwin", "cpu": "arm64" }, "sha512-jZ+Xc6qvD6tTH5jM6eKX44dcbyNqJHssfl2nnwT6vma6B1sj7ZLTGIk6N5QwVBs5xGN52r3trk5fgd3sQ9We9A=="],

    "@biomejs/cli-darwin-x64": ["@biomejs/cli-darwin-x64@2.4.4", "", { "os": "darwin", "cpu": "x64" }, "sha512-Dh1a/+W+SUCXhEdL7TiX3ArPTFCQKJTI1mGncZNWfO+6suk+gYA4lNyJcBB+pwvF49uw0pEbUS49BgYOY4hzUg=="],

    "@biomejs/cli-linux-arm64": ["@biomejs/cli-linux-arm64@2.4.4", "", { "os": "linux", "cpu": "arm64" }, "sha512-V/NFfbWhsUU6w+m5WYbBenlEAz8eYnSqRMDMAW3K+3v0tYVkNyZn8VU0XPxk/lOqNXLSCCrV7FmV/u3SjCBShg=="],

    "@biomejs/cli-linux-arm64-musl": ["@biomejs/cli-linux-arm64-musl@2.4.4", "", { "os": "linux", "cpu": "arm64" }, "sha512-+sPAXq3bxmFwhVFJnSwkSF5Rw2ZAJMH3MF6C9IveAEOdSpgajPhoQhbbAK12SehN9j2QrHpk4J/cHsa/HqWaYQ=="],

    "@biomejs/cli-linux-x64": ["@biomejs/cli-linux-x64@2.4.4", "", { "os": "linux", "cpu": "x64" }, "sha512-R4+ZCDtG9kHArasyBO+UBD6jr/FcFCTH8QkNTOCu0pRJzCWyWC4EtZa2AmUZB5h3e0jD7bRV2KvrENcf8rndBg=="],

    "@biomejs/cli-linux-x64-musl": ["@biomejs/cli-linux-x64-musl@2.4.4", "", { "os": "linux", "cpu": "x64" }, "sha512-gGvFTGpOIQDb5CQ2VC0n9Z2UEqlP46c4aNgHmAMytYieTGEcfqhfCFnhs6xjt0S3igE6q5GLuIXtdQt3Izok+g=="],

    "@biomejs/cli-win32-arm64": ["@biomejs/cli-win32-arm64@2.4.4", "", { "os": "win32", "cpu": "arm64" }, "sha512-trzCqM7x+Gn832zZHgr28JoYagQNX4CZkUZhMUac2YxvvyDRLJDrb5m9IA7CaZLlX6lTQmADVfLEKP1et1Ma4Q=="],

    "@biomejs/cli-win32-x64": ["@biomejs/cli-win32-x64@2.4.4", "", { "os": "win32", "cpu": "x64" }, "sha512-gnOHKVPFAAPrpoPt2t+Q6FZ7RPry/FDV3GcpU53P3PtLNnQjBmKyN2Vh/JtqXet+H4pme8CC76rScwdjDcT1/A=="],

    "@opentelemetry/api": ["@opentelemetry/api@1.9.0", "", {}, "sha512-3giAOQvZiH5F9bMlMiv8+GSPMeqg0dbaeo58/0SlA9sxSqZhnUtxzX9/2FzyhS9sWQf5S0GJE0AKBrFqjpeYcg=="],

    "@opentelemetry/api-logs": ["@opentelemetry/api-logs@0.211.0", "", { "dependencies": { "@opentelemetry/api": "^1.3.0" } }, "sha512-swFdZq8MCdmdR22jTVGQDhwqDzcI4M10nhjXkLr1EsIzXgZBqm4ZlmmcWsg3TSNf+3mzgOiqveXmBLZuDi2Lgg=="],

    "@opentelemetry/context-async-hooks": ["@opentelemetry/context-async-hooks@2.5.1", "", { "peerDependencies": { "@opentelemetry/api": ">=1.0.0 <1.10.0" } }, "sha512-MHbu8XxCHcBn6RwvCt2Vpn1WnLMNECfNKYB14LI5XypcgH4IE0/DiVifVR9tAkwPMyLXN8dOoPJfya3IryLQVw=="],

    "@opentelemetry/core": ["@opentelemetry/core@2.5.1", "", { "dependencies": { "@opentelemetry/semantic-conventions": "^1.29.0" }, "peerDependencies": { "@opentelemetry/api": ">=1.0.0 <1.10.0" } }, "sha512-Dwlc+3HAZqpgTYq0MUyZABjFkcrKTePwuiFVLjahGD8cx3enqihmpAmdgNFO1R4m/sIe5afjJrA25Prqy4NXlA=="],

    "@opentelemetry/instrumentation": ["@opentelemetry/instrumentation@0.211.0", "", { "dependencies": { "@opentelemetry/api-logs": "0.211.0", "import-in-the-middle": "^2.0.0", "require-in-the-middle": "^8.0.0" }, "peerDependencies": { "@opentelemetry/api": "^1.3.0" } }, "sha512-h0nrZEC/zvI994nhg7EgQ8URIHt0uDTwN90r3qQUdZORS455bbx+YebnGeEuFghUT0HlJSrLF4iHw67f+odY+Q=="],

    "@opentelemetry/instrumentation-amqplib": ["@opentelemetry/instrumentation-amqplib@0.58.0", "", { "dependencies": { "@opentelemetry/core": "^2.0.0", "@opentelemetry/instrumentation": "^0.211.0", "@opentelemetry/semantic-conventions": "^1.33.0" }, "peerDependencies": { "@opentelemetry/api": "^1.3.0" } }, "sha512-fjpQtH18J6GxzUZ+cwNhWUpb71u+DzT7rFkg5pLssDGaEber91Y2WNGdpVpwGivfEluMlNMZumzjEqfg8DeKXQ=="],

    "@opentelemetry/instrumentation-connect": ["@opentelemetry/instrumentation-connect@0.54.0", "", { "dependencies": { "@opentelemetry/core": "^2.0.0", "@opentelemetry/instrumentation": "^0.211.0", "@opentelemetry/semantic-conventions": "^1.27.0", "@types/connect": "3.4.38" }, "peerDependencies": { "@opentelemetry/api": "^1.3.0" } }, "sha512-43RmbhUhqt3uuPnc16cX6NsxEASEtn8z/cYV8Zpt6EP4p2h9s4FNuJ4Q9BbEQ2C0YlCCB/2crO1ruVz/hWt8fA=="],

    "@opentelemetry/instrumentation-dataloader": ["@opentelemetry/instrumentation-dataloader@0.28.0", "", { "dependencies": { "@opentelemetry/instrumentation": "^0.211.0" }, "peerDependencies": { "@opentelemetry/api": "^1.3.0" } }, "sha512-ExXGBp0sUj8yhm6Znhf9jmuOaGDsYfDES3gswZnKr4MCqoBWQdEFn6EoDdt5u+RdbxQER+t43FoUihEfTSqsjA=="],

    "@opentelemetry/instrumentation-express": ["@opentelemetry/instrumentation-express@0.59.0", "", { "dependencies": { "@opentelemetry/core": "^2.0.0", "@opentelemetry/instrumentation": "^0.211.0", "@opentelemetry/semantic-conventions": "^1.27.0" }, "peerDependencies": { "@opentelemetry/api": "^1.3.0" } }, "sha512-pMKV/qnHiW/Q6pmbKkxt0eIhuNEtvJ7sUAyee192HErlr+a1Jx+FZ3WjfmzhQL1geewyGEiPGkmjjAgNY8TgDA=="],

    "@opentelemetry/instrumentation-fs": ["@opentelemetry/instrumentation-fs@0.30.0", "", { "dependencies": { "@opentelemetry/core": "^2.0.0", "@opentelemetry/instrumentation": "^0.211.0" }, "peerDependencies": { "@opentelemetry/api": "^1.3.0" } }, "sha512-n3Cf8YhG7reaj5dncGlRIU7iT40bxPOjsBEA5Bc1a1g6e9Qvb+JFJ7SEiMlPbUw4PBmxE3h40ltE8LZ3zVt6OA=="],

    "@opentelemetry/instrumentation-generic-pool": ["@opentelemetry/instrumentation-generic-pool@0.54.0", "", { "dependencies": { "@opentelemetry/instrumentation": "^0.211.0" }, "peerDependencies": { "@opentelemetry/api": "^1.3.0" } }, "sha512-8dXMBzzmEdXfH/wjuRvcJnUFeWzZHUnExkmFJ2uPfa31wmpyBCMxO59yr8f/OXXgSogNgi/uPo9KW9H7LMIZ+g=="],

    "@opentelemetry/instrumentation-graphql": ["@opentelemetry/instrumentation-graphql@0.58.0", "", { "dependencies": { "@opentelemetry/instrumentation": "^0.211.0" }, "peerDependencies": { "@opentelemetry/api": "^1.3.0" } }, "sha512-+yWVVY7fxOs3j2RixCbvue8vUuJ1inHxN2q1sduqDB0Wnkr4vOzVKRYl/Zy7B31/dcPS72D9lo/kltdOTBM3bQ=="],

    "@opentelemetry/instrumentation-hapi": ["@opentelemetry/instrumentation-hapi@0.57.0", "", { "dependencies": { "@opentelemetry/core": "^2.0.0", "@opentelemetry/instrumentation": "^0.211.0", "@opentelemetry/semantic-conventions": "^1.27.0" }, "peerDependencies": { "@opentelemetry/api": "^1.3.0" } }, "sha512-Os4THbvls8cTQTVA8ApLfZZztuuqGEeqog0XUnyRW7QVF0d/vOVBEcBCk1pazPFmllXGEdNbbat8e2fYIWdFbw=="],

    "@opentelemetry/instrumentation-http": ["@opentelemetry/instrumentation-http@0.211.0", "", { "dependencies": { "@opentelemetry/core": "2.5.0", "@opentelemetry/instrumentation": "0.211.0", "@opentelemetry/semantic-conventions": "^1.29.0", "forwarded-parse": "2.1.2" }, "peerDependencies": { "@opentelemetry/api": "^1.3.0" } }, "sha512-n0IaQ6oVll9PP84SjbOCwDjaJasWRHi6BLsbMLiT6tNj7QbVOkuA5sk/EfZczwI0j5uTKl1awQPivO/ldVtsqA=="],

    "@opentelemetry/instrumentation-ioredis": ["@opentelemetry/instrumentation-ioredis@0.59.0", "", { "dependencies": { "@opentelemetry/instrumentation": "^0.211.0", "@opentelemetry/redis-common": "^0.38.2", "@opentelemetry/semantic-conventions": "^1.33.0" }, "peerDependencies": { "@opentelemetry/api": "^1.3.0" } }, "sha512-875UxzBHWkW+P4Y45SoFM2AR8f8TzBMD8eO7QXGCyFSCUMP5s9vtt/BS8b/r2kqLyaRPK6mLbdnZznK3XzQWvw=="],

    "@opentelemetry/instrumentation-kafkajs": ["@opentelemetry/instrumentation-kafkajs@0.20.0", "", { "dependencies": { "@opentelemetry/instrumentation": "^0.211.0", "@opentelemetry/semantic-conventions": "^1.30.0" }, "peerDependencies": { "@opentelemetry/api": "^1.3.0" } }, "sha512-yJXOuWZROzj7WmYCUiyT27tIfqBrVtl1/TwVbQyWPz7rL0r1Lu7kWjD0PiVeTCIL6CrIZ7M2s8eBxsTAOxbNvw=="],

    "@opentelemetry/instrumentation-knex": ["@opentelemetry/instrumentation-knex@0.55.0", "", { "dependencies": { "@opentelemetry/instrumentation": "^0.211.0", "@opentelemetry/semantic-conventions": "^1.33.1" }, "peerDependencies": { "@opentelemetry/api": "^1.3.0" } }, "sha512-FtTL5DUx5Ka/8VK6P1VwnlUXPa3nrb7REvm5ddLUIeXXq4tb9pKd+/ThB1xM/IjefkRSN3z8a5t7epYw1JLBJQ=="],

    "@opentelemetry/instrumentation-koa": ["@opentelemetry/instrumentation-koa@0.59.0", "", { "dependencies": { "@opentelemetry/core": "^2.0.0", "@opentelemetry/instrumentation": "^0.211.0", "@opentelemetry/semantic-conventions": "^1.36.0" }, "peerDependencies": { "@opentelemetry/api": "^1.9.0" } }, "sha512-K9o2skADV20Skdu5tG2bogPKiSpXh4KxfLjz6FuqIVvDJNibwSdu5UvyyBzRVp1rQMV6UmoIk6d3PyPtJbaGSg=="],

    "@opentelemetry/instrumentation-lru-memoizer": ["@opentelemetry/instrumentation-lru-memoizer@0.55.0", "", { "dependencies": { "@opentelemetry/instrumentation": "^0.211.0" }, "peerDependencies": { "@opentelemetry/api": "^1.3.0" } }, "sha512-FDBfT7yDGcspN0Cxbu/k8A0Pp1Jhv/m7BMTzXGpcb8ENl3tDj/51U65R5lWzUH15GaZA15HQ5A5wtafklxYj7g=="],

    "@opentelemetry/instrumentation-mongodb": ["@opentelemetry/instrumentation-mongodb@0.64.0", "", { "dependencies": { "@opentelemetry/instrumentation": "^0.211.0", "@opentelemetry/semantic-conventions": "^1.33.0" }, "peerDependencies": { "@opentelemetry/api": "^1.3.0" } }, "sha512-pFlCJjweTqVp7B220mCvCld1c1eYKZfQt1p3bxSbcReypKLJTwat+wbL2YZoX9jPi5X2O8tTKFEOahO5ehQGsA=="],

    "@opentelemetry/instrumentation-mongoose": ["@opentelemetry/instrumentation-mongoose@0.57.0", "", { "dependencies": { "@opentelemetry/core": "^2.0.0", "@opentelemetry/instrumentation": "^0.211.0", "@opentelemetry/semantic-conventions": "^1.33.0" }, "peerDependencies": { "@opentelemetry/api": "^1.3.0" } }, "sha512-MthiekrU/BAJc5JZoZeJmo0OTX6ycJMiP6sMOSRTkvz5BrPMYDqaJos0OgsLPL/HpcgHP7eo5pduETuLguOqcg=="],

    "@opentelemetry/instrumentation-mysql": ["@opentelemetry/instrumentation-mysql@0.57.0", "", { "dependencies": { "@opentelemetry/instrumentation": "^0.211.0", "@opentelemetry/semantic-conventions": "^1.33.0", "@types/mysql": "2.15.27" }, "peerDependencies": { "@opentelemetry/api": "^1.3.0" } }, "sha512-HFS/+FcZ6Q7piM7Il7CzQ4VHhJvGMJWjx7EgCkP5AnTntSN5rb5Xi3TkYJHBKeR27A0QqPlGaCITi93fUDs++Q=="],

    "@opentelemetry/instrumentation-mysql2": ["@opentelemetry/instrumentation-mysql2@0.57.0", "", { "dependencies": { "@opentelemetry/instrumentation": "^0.211.0", "@opentelemetry/semantic-conventions": "^1.33.0", "@opentelemetry/sql-common": "^0.41.2" }, "peerDependencies": { "@opentelemetry/api": "^1.3.0" } }, "sha512-nHSrYAwF7+aV1E1V9yOOP9TchOodb6fjn4gFvdrdQXiRE7cMuffyLLbCZlZd4wsspBzVwOXX8mpURdRserAhNA=="],

    "@opentelemetry/instrumentation-pg": ["@opentelemetry/instrumentation-pg@0.63.0", "", { "dependencies": { "@opentelemetry/core": "^2.0.0", "@opentelemetry/instrumentation": "^0.211.0", "@opentelemetry/semantic-conventions": "^1.34.0", "@opentelemetry/sql-common": "^0.41.2", "@types/pg": "8.15.6", "@types/pg-pool": "2.0.7" }, "peerDependencies": { "@opentelemetry/api": "^1.3.0" } }, "sha512-dKm/ODNN3GgIQVlbD6ZPxwRc3kleLf95hrRWXM+l8wYo+vSeXtEpQPT53afEf6VFWDVzJK55VGn8KMLtSve/cg=="],

    "@opentelemetry/instrumentation-redis": ["@opentelemetry/instrumentation-redis@0.59.0", "", { "dependencies": { "@opentelemetry/instrumentation": "^0.211.0", "@opentelemetry/redis-common": "^0.38.2", "@opentelemetry/semantic-conventions": "^1.27.0" }, "peerDependencies": { "@opentelemetry/api": "^1.3.0" } }, "sha512-JKv1KDDYA2chJ1PC3pLP+Q9ISMQk6h5ey+99mB57/ARk0vQPGZTTEb4h4/JlcEpy7AYT8HIGv7X6l+br03Neeg=="],

    "@opentelemetry/instrumentation-tedious": ["@opentelemetry/instrumentation-tedious@0.30.0", "", { "dependencies": { "@opentelemetry/instrumentation": "^0.211.0", "@opentelemetry/semantic-conventions": "^1.33.0", "@types/tedious": "^4.0.14" }, "peerDependencies": { "@opentelemetry/api": "^1.3.0" } }, "sha512-bZy9Q8jFdycKQ2pAsyuHYUHNmCxCOGdG6eg1Mn75RvQDccq832sU5OWOBnc12EFUELI6icJkhR7+EQKMBam2GA=="],

    "@opentelemetry/instrumentation-undici": ["@opentelemetry/instrumentation-undici@0.21.0", "", { "dependencies": { "@opentelemetry/core": "^2.0.0", "@opentelemetry/instrumentation": "^0.211.0", "@opentelemetry/semantic-conventions": "^1.24.0" }, "peerDependencies": { "@opentelemetry/api": "^1.7.0" } }, "sha512-gok0LPUOTz2FQ1YJMZzaHcOzDFyT64XJ8M9rNkugk923/p6lDGms/cRW1cqgqp6N6qcd6K6YdVHwPEhnx9BWbw=="],

    "@opentelemetry/redis-common": ["@opentelemetry/redis-common@0.38.2", "", {}, "sha512-1BCcU93iwSRZvDAgwUxC/DV4T/406SkMfxGqu5ojc3AvNI+I9GhV7v0J1HljsczuuhcnFLYqD5VmwVXfCGHzxA=="],

    "@opentelemetry/resources": ["@opentelemetry/resources@2.5.1", "", { "dependencies": { "@opentelemetry/core": "2.5.1", "@opentelemetry/semantic-conventions": "^1.29.0" }, "peerDependencies": { "@opentelemetry/api": ">=1.3.0 <1.10.0" } }, "sha512-BViBCdE/GuXRlp9k7nS1w6wJvY5fnFX5XvuEtWsTAOQFIO89Eru7lGW3WbfbxtCuZ/GbrJfAziXG0w0dpxL7eQ=="],

    "@opentelemetry/sdk-trace-base": ["@opentelemetry/sdk-trace-base@2.5.1", "", { "dependencies": { "@opentelemetry/core": "2.5.1", "@opentelemetry/resources": "2.5.1", "@opentelemetry/semantic-conventions": "^1.29.0" }, "peerDependencies": { "@opentelemetry/api": ">=1.3.0 <1.10.0" } }, "sha512-iZH3Gw8cxQn0gjpOjJMmKLd9GIaNh/E3v3ST67vyzLSxHBs14HsG4dy7jMYyC5WXGdBVEcM7U/XTF5hCQxjDMw=="],

    "@opentelemetry/semantic-conventions": ["@opentelemetry/semantic-conventions@1.39.0", "", {}, "sha512-R5R9tb2AXs2IRLNKLBJDynhkfmx7mX0vi8NkhZb3gUkPWHn6HXk5J8iQ/dql0U3ApfWym4kXXmBDRGO+oeOfjg=="],

    "@opentelemetry/sql-common": ["@opentelemetry/sql-common@0.41.2", "", { "dependencies": { "@opentelemetry/core": "^2.0.0" }, "peerDependencies": { "@opentelemetry/api": "^1.1.0" } }, "sha512-4mhWm3Z8z+i508zQJ7r6Xi7y4mmoJpdvH0fZPFRkWrdp5fq7hhZ2HhYokEOLkfqSMgPR4Z9EyB3DBkbKGOqZiQ=="],

    "@oven/bun-darwin-aarch64": ["@oven/bun-darwin-aarch64@1.3.9", "", { "os": "darwin", "cpu": "arm64" }, "sha512-df7smckMWSUfaT5mzwN9Lfpd3ZGkOqo+vmQ8VV2a32gl14v6uZ/qeeo+1RlANXn8M0uzXPWWCkrKZIWSZUR0qw=="],

    "@oven/bun-darwin-x64": ["@oven/bun-darwin-x64@1.3.9", "", { "os": "darwin", "cpu": "x64" }, "sha512-YiLxfsPzQqaVvT2a+nxH9do0YfUjrlxF3tKP0b1DDgvfgCcVKGsrQH3Wa82qHgL4dnT8h2bqi94JxXESEuPmcA=="],

    "@oven/bun-darwin-x64-baseline": ["@oven/bun-darwin-x64-baseline@1.3.9", "", { "os": "darwin", "cpu": "x64" }, "sha512-XbhsA2XAFzvFr0vPSV6SNqGxab4xHKdPmVTLqoSHAx9tffrSq/012BDptOskulwnD+YNsrJUx2D2Ve1xvfgGcg=="],

    "@oven/bun-linux-aarch64": ["@oven/bun-linux-aarch64@1.3.9", "", { "os": "linux", "cpu": "arm64" }, "sha512-VaNQTu0Up4gnwZLQ6/Hmho6jAlLxTQ1PwxEth8EsXHf82FOXXPV5OCQ6KC9mmmocjKlmWFaIGebThrOy8DUo4g=="],

    "@oven/bun-linux-aarch64-musl": ["@oven/bun-linux-aarch64-musl@1.3.9", "", { "os": "linux", "cpu": "arm64" }, "sha512-t8uimCVBTw5f9K2QTZE5wN6UOrFETNrh/Xr7qtXT9nAOzaOnIFvYA+HcHbGfi31fRlCVfTxqm/EiCwJ1gEw9YQ=="],

    "@oven/bun-linux-x64": ["@oven/bun-linux-x64@1.3.9", "", { "os": "linux", "cpu": "x64" }, "sha512-oQyAW3+ugulvXTZ+XYeUMmNPR94sJeMokfHQoKwPvVwhVkgRuMhcLGV2ZesHCADVu30Oz2MFXbgdC8x4/o9dRg=="],

    "@oven/bun-linux-x64-baseline": ["@oven/bun-linux-x64-baseline@1.3.9", "", { "os": "linux", "cpu": "x64" }, "sha512-nZ12g22cy7pEOBwAxz2tp0wVqekaCn9QRKuGTHqOdLlyAqR4SCdErDvDhUWd51bIyHTQoCmj72TegGTgG0WNPw=="],

    "@oven/bun-linux-x64-musl": ["@oven/bun-linux-x64-musl@1.3.9", "", { "os": "linux", "cpu": "x64" }, "sha512-4ZjIUgCxEyKwcKXideB5sX0KJpnHTZtu778w73VNq2uNH2fNpMZv98+DBgJyQ9OfFoRhmKn1bmLmSefvnHzI9w=="],

    "@oven/bun-linux-x64-musl-baseline": ["@oven/bun-linux-x64-musl-baseline@1.3.9", "", { "os": "linux", "cpu": "x64" }, "sha512-3FXQgtYFsT0YOmAdMcJn56pLM5kzSl6y942rJJIl5l2KummB9Ea3J/vMJMzQk7NCAGhleZGWU/pJSS/uXKGa7w=="],

    "@oven/bun-windows-x64": ["@oven/bun-windows-x64@1.3.9", "", { "os": "win32", "cpu": "x64" }, "sha512-/d6vAmgKvkoYlsGPsRPlPmOK1slPis/F40UG02pYwypTH0wmY0smgzdFqR4YmryxFh17XrW1kITv+U99Oajk9Q=="],

    "@oven/bun-windows-x64-baseline": ["@oven/bun-windows-x64-baseline@1.3.9", "", { "os": "win32", "cpu": "x64" }, "sha512-a/+hSrrDpMD7THyXvE2KJy1skxzAD0cnW4K1WjuI/91VqsphjNzvf5t/ZgxEVL4wb6f+hKrSJ5J3aH47zPr61g=="],

    "@playwright/test": ["@playwright/test@1.58.2", "", { "dependencies": { "playwright": "1.58.2" }, "bin": { "playwright": "cli.js" } }, "sha512-akea+6bHYBBfA9uQqSYmlJXn61cTa+jbO87xVLCWbTqbWadRVmhxlXATaOjOgcBaWU4ePo0wB41KMFv3o35IXA=="],

    "@prisma/instrumentation": ["@prisma/instrumentation@7.2.0", "", { "dependencies": { "@opentelemetry/instrumentation": "^0.207.0" }, "peerDependencies": { "@opentelemetry/api": "^1.8" } }, "sha512-Rh9Z4x5kEj1OdARd7U18AtVrnL6rmLSI0qYShaB4W7Wx5BKbgzndWF+QnuzMb7GLfVdlT5aYCXoPQVYuYtVu0g=="],

    "@sentry-internal/browser-utils": ["@sentry-internal/browser-utils@10.39.0", "", { "dependencies": { "@sentry/core": "10.39.0" } }, "sha512-W6WODonMGiI13Az5P7jd/m2lj/JpIyuVKg7wE4X+YdlMehLspAv6I7gRE4OBSumS14ZjdaYDpD/lwtnBwKAzcA=="],

    "@sentry-internal/feedback": ["@sentry-internal/feedback@10.39.0", "", { "dependencies": { "@sentry/core": "10.39.0" } }, "sha512-cRXmmDeOr5FzVsBNRLU4WDEuC3fhuD0XV362EWl4DI3XBGao8ukaueKcLIKic5WZx6uXimjWw/UJmDLgxeCqkg=="],

    "@sentry-internal/replay": ["@sentry-internal/replay@10.39.0", "", { "dependencies": { "@sentry-internal/browser-utils": "10.39.0", "@sentry/core": "10.39.0" } }, "sha512-obZoYOrUfxIYBHkmtPpItRdE38VuzF1VIxSgZ8Mbtq/9UvCWh+eOaVWU2stN/cVu1KYuYX0nQwBvdN28L6y/JA=="],

    "@sentry-internal/replay-canvas": ["@sentry-internal/replay-canvas@10.39.0", "", { "dependencies": { "@sentry-internal/replay": "10.39.0", "@sentry/core": "10.39.0" } }, "sha512-TTiX0XWCcqTqFGJjEZYObk93j/sJmXcqPzcu0cN2mIkKnnaHDY3w74SHZCshKqIr0AOQdt1HDNa36s3TCdt0Jw=="],

    "@sentry/browser": ["@sentry/browser@10.39.0", "", { "dependencies": { "@sentry-internal/browser-utils": "10.39.0", "@sentry-internal/feedback": "10.39.0", "@sentry-internal/replay": "10.39.0", "@sentry-internal/replay-canvas": "10.39.0", "@sentry/core": "10.39.0" } }, "sha512-I50W/1PDJWyqgNrGufGhBYCmmO3Bb159nx2Ut2bKoVveTfgH/hLEtDyW0kHo8Fu454mW+ukyXfU4L4s+kB9aaw=="],

    "@sentry/bun": ["@sentry/bun@10.39.0", "", { "dependencies": { "@sentry/core": "10.39.0", "@sentry/node": "10.39.0" } }, "sha512-AiW21LEMuRVqeRRiXy2UM3xjegJZ3d/XJSjwpS6rETw4hrfRX2yGTmz2NAsIsVAqNh2MmXoeOioaiMMbEHqswg=="],

    "@sentry/core": ["@sentry/core@10.39.0", "", {}, "sha512-xCLip2mBwCdRrvXHtVEULX0NffUTYZZBhEUGht0WFL+GNdNQ7gmBOGOczhZlrf2hgFFtDO0fs1xiP9bqq5orEQ=="],

    "@sentry/node": ["@sentry/node@10.39.0", "", { "dependencies": { "@opentelemetry/api": "^1.9.0", "@opentelemetry/context-async-hooks": "^2.5.0", "@opentelemetry/core": "^2.5.0", "@opentelemetry/instrumentation": "^0.211.0", "@opentelemetry/instrumentation-amqplib": "0.58.0", "@opentelemetry/instrumentation-connect": "0.54.0", "@opentelemetry/instrumentation-dataloader": "0.28.0", "@opentelemetry/instrumentation-express": "0.59.0", "@opentelemetry/instrumentation-fs": "0.30.0", "@opentelemetry/instrumentation-generic-pool": "0.54.0", "@opentelemetry/instrumentation-graphql": "0.58.0", "@opentelemetry/instrumentation-hapi": "0.57.0", "@opentelemetry/instrumentation-http": "0.211.0", "@opentelemetry/instrumentation-ioredis": "0.59.0", "@opentelemetry/instrumentation-kafkajs": "0.20.0", "@opentelemetry/instrumentation-knex": "0.55.0", "@opentelemetry/instrumentation-koa": "0.59.0", "@opentelemetry/instrumentation-lru-memoizer": "0.55.0", "@opentelemetry/instrumentation-mongodb": "0.64.0", "@opentelemetry/instrumentation-mongoose": "0.57.0", "@opentelemetry/instrumentation-mysql": "0.57.0", "@opentelemetry/instrumentation-mysql2": "0.57.0", "@opentelemetry/instrumentation-pg": "0.63.0", "@opentelemetry/instrumentation-redis": "0.59.0", "@opentelemetry/instrumentation-tedious": "0.30.0", "@opentelemetry/instrumentation-undici": "0.21.0", "@opentelemetry/resources": "^2.5.0", "@opentelemetry/sdk-trace-base": "^2.5.0", "@opentelemetry/semantic-conventions": "^1.39.0", "@prisma/instrumentation": "7.2.0", "@sentry/core": "10.39.0", "@sentry/node-core": "10.39.0", "@sentry/opentelemetry": "10.39.0", "import-in-the-middle": "^2.0.6", "minimatch": "^9.0.0" } }, "sha512-dx66DtU/xkCTPEDsjU+mYSIEbzu06pzKNQcDA2wvx7wvwsUciZ5yA32Ce/o6p2uHHgy0/joJX9rP5J/BIijaOA=="],

    "@sentry/node-core": ["@sentry/node-core@10.39.0", "", { "dependencies": { "@apm-js-collab/tracing-hooks": "^0.3.1", "@sentry/core": "10.39.0", "@sentry/opentelemetry": "10.39.0", "import-in-the-middle": "^2.0.6" }, "peerDependencies": { "@opentelemetry/api": "^1.9.0", "@opentelemetry/context-async-hooks": "^1.30.1 || ^2.1.0", "@opentelemetry/core": "^1.30.1 || ^2.1.0", "@opentelemetry/instrumentation": ">=0.57.1 <1", "@opentelemetry/resources": "^1.30.1 || ^2.1.0", "@opentelemetry/sdk-trace-base": "^1.30.1 || ^2.1.0", "@opentelemetry/semantic-conventions": "^1.39.0" }, "optionalPeers": ["@opentelemetry/api", "@opentelemetry/context-async-hooks", "@opentelemetry/core", "@opentelemetry/instrumentation", "@opentelemetry/resources", "@opentelemetry/sdk-trace-base", "@opentelemetry/semantic-conventions"] }, "sha512-xdeBG00TmtAcGvXnZNbqOCvnZ5kY3s5aT/L8wUQ0w0TT2KmrC9XL/7UHUfJ45TLbjl10kZOtaMQXgUjpwSJW+g=="],

    "@sentry/opentelemetry": ["@sentry/opentelemetry@10.39.0", "", { "dependencies": { "@sentry/core": "10.39.0" }, "peerDependencies": { "@opentelemetry/api": "^1.9.0", "@opentelemetry/context-async-hooks": "^1.30.1 || ^2.1.0", "@opentelemetry/core": "^1.30.1 || ^2.1.0", "@opentelemetry/sdk-trace-base": "^1.30.1 || ^2.1.0", "@opentelemetry/semantic-conventions": "^1.39.0" } }, "sha512-eU8t/pyxjy7xYt6PNCVxT+8SJw5E3pnupdcUNN4ClqG4O5lX4QCDLtId48ki7i30VqrLtR7vmCHMSvqXXdvXPA=="],

    "@sentry/react": ["@sentry/react@10.39.0", "", { "dependencies": { "@sentry/browser": "10.39.0", "@sentry/core": "10.39.0" }, "peerDependencies": { "react": "^16.14.0 || 17.x || 18.x || 19.x" } }, "sha512-qxReWHFhDcXNGEyAlYzhR7+K70es+vXaSknTZui1q7TfQwCT1rZlLKn/K8GDpNsb35RC5QhiIphU6pKbyYgZqw=="],

    "@types/connect": ["@types/connect@3.4.38", "", { "dependencies": { "@types/node": "*" } }, "sha512-K6uROf1LD88uDQqJCktA4yzL1YYAK6NgfsI0v/mTgyPKWsX1CnJ0XPSDhViejru1GcRkLWb8RlzFYJRqGUbaug=="],

    "@types/mysql": ["@types/mysql@2.15.27", "", { "dependencies": { "@types/node": "*" } }, "sha512-YfWiV16IY0OeBfBCk8+hXKmdTKrKlwKN1MNKAPBu5JYxLwBEZl7QzeEpGnlZb3VMGJrrGmB84gXiH+ofs/TezA=="],

    "@types/node": ["@types/node@25.3.0", "", { "dependencies": { "undici-types": "~7.18.0" } }, "sha512-4K3bqJpXpqfg2XKGK9bpDTc6xO/xoUP/RBWS7AtRMug6zZFaRekiLzjVtAoZMquxoAbzBvy5nxQ7veS5eYzf8A=="],

    "@types/pg": ["@types/pg@8.15.6", "", { "dependencies": { "@types/node": "*", "pg-protocol": "*", "pg-types": "^2.2.0" } }, "sha512-NoaMtzhxOrubeL/7UZuNTrejB4MPAJ0RpxZqXQf2qXuVlTPuG6Y8p4u9dKRaue4yjmC7ZhzVO2/Yyyn25znrPQ=="],

    "@types/pg-pool": ["@types/pg-pool@2.0.7", "", { "dependencies": { "@types/pg": "*" } }, "sha512-U4CwmGVQcbEuqpyju8/ptOKg6gEC+Tqsvj2xS9o1g71bUh8twxnC6ZL5rZKCsGN0iyH0CwgUyc9VR5owNQF9Ng=="],

    "@types/react": ["@types/react@19.2.14", "", { "dependencies": { "csstype": "^3.2.2" } }, "sha512-ilcTH/UniCkMdtexkoCN0bI7pMcJDvmQFPvuPvmEaYA/NSfFTAgdUSLAoVjaRJm7+6PvcM+q1zYOwS4wTYMF9w=="],

    "@types/react-dom": ["@types/react-dom@19.2.3", "", { "peerDependencies": { "@types/react": "^19.2.0" } }, "sha512-jp2L/eY6fn+KgVVQAOqYItbF0VY/YApe5Mz2F0aykSO8gx31bYCZyvSeYxCHKvzHG5eZjc+zyaS5BrBWya2+kQ=="],

    "@types/tedious": ["@types/tedious@4.0.14", "", { "dependencies": { "@types/node": "*" } }, "sha512-KHPsfX/FoVbUGbyYvk1q9MMQHLPeRZhRJZdO45Q4YjvFkv4hMNghCWTvy7rdKessBsmtz4euWCWAB6/tVpI1Iw=="],

    "acorn": ["acorn@8.16.0", "", { "bin": { "acorn": "bin/acorn" } }, "sha512-UVJyE9MttOsBQIDKw1skb9nAwQuR5wuGD3+82K6JgJlm/Y+KI92oNsMNGZCYdDsVtRHSak0pcV5Dno5+4jh9sw=="],

    "acorn-import-attributes": ["acorn-import-attributes@1.9.5", "", { "peerDependencies": { "acorn": "^8" } }, "sha512-n02Vykv5uA3eHGM/Z2dQrcD56kL8TyDb2p1+0P83PClMnC/nc+anbQRhIOWnSq4Ke/KvDPrY3C9hDtC/A3eHnQ=="],

    "balanced-match": ["balanced-match@1.0.2", "", {}, "sha512-3oSeUO0TMV67hN1AmbXsK4yaqU7tjiHlbxRDZOpH0KW9+CeX4bRAaX0Anxt0tx2MrpRpWwQaPwIlISEJhYU5Pw=="],

    "brace-expansion": ["brace-expansion@2.0.2", "", { "dependencies": { "balanced-match": "^1.0.0" } }, "sha512-Jt0vHyM+jmUBqojB7E1NIYadt0vI0Qxjxd2TErW94wDz+E2LAm5vKMXXwg6ZZBTHPuUlDgQHKXvjGBdfcF1ZDQ=="],

    "bun": ["bun@1.3.9", "", { "optionalDependencies": { "@oven/bun-darwin-aarch64": "1.3.9", "@oven/bun-darwin-x64": "1.3.9", "@oven/bun-darwin-x64-baseline": "1.3.9", "@oven/bun-linux-aarch64": "1.3.9", "@oven/bun-linux-aarch64-musl": "1.3.9", "@oven/bun-linux-x64": "1.3.9", "@oven/bun-linux-x64-baseline": "1.3.9", "@oven/bun-linux-x64-musl": "1.3.9", "@oven/bun-linux-x64-musl-baseline": "1.3.9", "@oven/bun-windows-x64": "1.3.9", "@oven/bun-windows-x64-baseline": "1.3.9" }, "os": [ "linux", "win32", "darwin", ], "cpu": [ "x64", "arm64", ], "bin": { "bun": "bin/bun.exe", "bunx": "bin/bunx.exe" } }, "sha512-v5hkh1us7sMNjfimWE70flYbD5I1/qWQaqmJ45q2qk5H/7muQVa478LSVRSFyGTBUBog2LsPQnfIRdjyWJRY+A=="],

    "bun-plugin-tailwind": ["bun-plugin-tailwind@0.1.2", "", { "peerDependencies": { "bun": ">=1.0.0" } }, "sha512-41jNC1tZRSK3s1o7pTNrLuQG8kL/0vR/JgiTmZAJ1eHwe0w5j6HFPKeqEk0WAD13jfrUC7+ULuewFBBCoADPpg=="],

    "bun-types": ["bun-types@1.3.9", "", { "dependencies": { "@types/node": "*" } }, "sha512-+UBWWOakIP4Tswh0Bt0QD0alpTY8cb5hvgiYeWCMet9YukHbzuruIEeXC2D7nMJPB12kbh8C7XJykSexEqGKJg=="],

    "cjs-module-lexer": ["cjs-module-lexer@2.2.0", "", {}, "sha512-4bHTS2YuzUvtoLjdy+98ykbNB5jS0+07EvFNXerqZQJ89F7DI6ET7OQo/HJuW6K0aVsKA9hj9/RVb2kQVOrPDQ=="],

    "class-variance-authority": ["class-variance-authority@0.7.1", "", { "dependencies": { "clsx": "^2.1.1" } }, "sha512-Ka+9Trutv7G8M6WT6SeiRWz792K5qEqIGEGzXKhAE6xOWAY6pPH8U+9IY3oCMv6kqTmLsv7Xh/2w2RigkePMsg=="],

    "clsx": ["clsx@2.1.1", "", {}, "sha512-eYm0QWBtUrBWZWG0d386OGAw16Z995PiOVo2B7bjWSbHedGl5e0ZWaq65kOGgUSNesEIDkB9ISbTg/JK9dhCZA=="],

    "csstype": ["csstype@3.2.3", "", {}, "sha512-z1HGKcYy2xA8AGQfwrn0PAy+PB7X/GSj3UVJW9qKyn43xWa+gl5nXmU4qqLMRzWVLFC8KusUX8T/0kCiOYpAIQ=="],

    "debug": ["debug@4.4.3", "", { "dependencies": { "ms": "^2.1.3" } }, "sha512-RGwwWnwQvkVfavKVt22FGLw+xYSdzARwm0ru6DhTVA3umU5hZc28V3kO4stgYryrTlLpuvgI9GiijltAjNbcqA=="],

    "effector": ["effector@23.4.4", "", {}, "sha512-QkZboRN28K/iwxigDhlJcI3ux3aNbt8kYGGH/GkqWG0OlGeyuBhb7PdM89Iu+ogV8Lmz16xIlwnXR2UNWI6psg=="],

    "effector-react": ["effector-react@23.3.0", "", { "dependencies": { "use-sync-external-store": "^1.0.0" }, "peerDependencies": { "effector": "^23.0.0", "react": ">=16.8.0 <20.0.0" } }, "sha512-QR0+x1EnbiWhO80Yc0GVF+I9xCYoxBm3t+QLB5Wg+1uY1Q1BrSWDmKvJaJJZ/+9BU4RAr25yS5J2EkdWnicu8g=="],

    "forwarded-parse": ["forwarded-parse@2.1.2", "", {}, "sha512-alTFZZQDKMporBH77856pXgzhEzaUVmLCDk+egLgIgHst3Tpndzz8MnKe+GzRJRfvVdn69HhpW7cmXzvtLvJAw=="],

    "fsevents": ["fsevents@2.3.2", "", { "os": "darwin" }, "sha512-xiqMQR4xAeHTuB9uWm+fFRcIOgKBMiOBP+eXiyT7jsgVCq1bkVygt00oASowB7EdtpOHaaPgKt812P9ab+DDKA=="],

    "import-in-the-middle": ["import-in-the-middle@2.0.6", "", { "dependencies": { "acorn": "^8.15.0", "acorn-import-attributes": "^1.9.5", "cjs-module-lexer": "^2.2.0", "module-details-from-path": "^1.0.4" } }, "sha512-3vZV3jX0XRFW3EJDTwzWoZa+RH1b8eTTx6YOCjglrLyPuepwoBti1k3L2dKwdCUrnVEfc5CuRuGstaC/uQJJaw=="],

    "minimatch": ["minimatch@9.0.5", "", { "dependencies": { "brace-expansion": "^2.0.1" } }, "sha512-G6T0ZX48xgozx7587koeX9Ys2NYy6Gmv//P89sEte9V9whIapMNF4idKxnW2QtCcLiTWlb/wfCabAtAFWhhBow=="],

    "module-details-from-path": ["module-details-from-path@1.0.4", "", {}, "sha512-EGWKgxALGMgzvxYF1UyGTy0HXX/2vHLkw6+NvDKW2jypWbHpjQuj4UMcqQWXHERJhVGKikolT06G3bcKe4fi7w=="],

    "ms": ["ms@2.1.3", "", {}, "sha512-6FlzubTLZG3J2a/NVCAleEhjzq5oxgHyaCU9yYXvcLsvoVaHJq/s5xXI6/XXP6tz7R9xAOtHnSO/tXtF3WRTlA=="],

    "pg-int8": ["pg-int8@1.0.1", "", {}, "sha512-WCtabS6t3c8SkpDBUlb1kjOs7l66xsGdKpIPZsg4wR+B3+u9UAum2odSsF9tnvxg80h4ZxLWMy4pRjOsFIqQpw=="],

    "pg-protocol": ["pg-protocol@1.11.0", "", {}, "sha512-pfsxk2M9M3BuGgDOfuy37VNRRX3jmKgMjcvAcWqNDpZSf4cUmv8HSOl5ViRQFsfARFn0KuUQTgLxVMbNq5NW3g=="],

    "pg-types": ["pg-types@2.2.0", "", { "dependencies": { "pg-int8": "1.0.1", "postgres-array": "~2.0.0", "postgres-bytea": "~1.0.0", "postgres-date": "~1.0.4", "postgres-interval": "^1.1.0" } }, "sha512-qTAAlrEsl8s4OiEQY69wDvcMIdQN6wdz5ojQiOy6YRMuynxenON0O5oCpJI6lshc6scgAY8qvJ2On/p+CXY0GA=="],

    "playwright": ["playwright@1.58.2", "", { "dependencies": { "playwright-core": "1.58.2" }, "optionalDependencies": { "fsevents": "2.3.2" }, "bin": { "playwright": "cli.js" } }, "sha512-vA30H8Nvkq/cPBnNw4Q8TWz1EJyqgpuinBcHET0YVJVFldr8JDNiU9LaWAE1KqSkRYazuaBhTpB5ZzShOezQ6A=="],

    "playwright-core": ["playwright-core@1.58.2", "", { "bin": { "playwright-core": "cli.js" } }, "sha512-yZkEtftgwS8CsfYo7nm0KE8jsvm6i/PTgVtB8DL726wNf6H2IMsDuxCpJj59KDaxCtSnrWan2AeDqM7JBaultg=="],

    "postgres-array": ["postgres-array@2.0.0", "", {}, "sha512-VpZrUqU5A69eQyW2c5CA1jtLecCsN2U/bD6VilrFDWq5+5UIEVO7nazS3TEcHf1zuPYO/sqGvUvW62g86RXZuA=="],

    "postgres-bytea": ["postgres-bytea@1.0.1", "", {}, "sha512-5+5HqXnsZPE65IJZSMkZtURARZelel2oXUEO8rH83VS/hxH5vv1uHquPg5wZs8yMAfdv971IU+kcPUczi7NVBQ=="],

    "postgres-date": ["postgres-date@1.0.7", "", {}, "sha512-suDmjLVQg78nMK2UZ454hAG+OAW+HQPZ6n++TNDUX+L0+uUlLywnoxJKDou51Zm+zTCjrCl0Nq6J9C5hP9vK/Q=="],

    "postgres-interval": ["postgres-interval@1.2.0", "", { "dependencies": { "xtend": "^4.0.0" } }, "sha512-9ZhXKM/rw350N1ovuWHbGxnGh/SNJ4cnxHiM0rxE4VN41wsg8P8zWn9hv/buK00RP4WvlOyr/RBDiptyxVbkZQ=="],

    "react": ["react@19.2.4", "", {}, "sha512-9nfp2hYpCwOjAN+8TZFGhtWEwgvWHXqESH8qT89AT/lWklpLON22Lc8pEtnpsZz7VmawabSU0gCjnj8aC0euHQ=="],

    "react-dom": ["react-dom@19.2.4", "", { "dependencies": { "scheduler": "^0.27.0" }, "peerDependencies": { "react": "^19.2.4" } }, "sha512-AXJdLo8kgMbimY95O2aKQqsz2iWi9jMgKJhRBAxECE4IFxfcazB2LmzloIoibJI3C12IlY20+KFaLv+71bUJeQ=="],

    "require-in-the-middle": ["require-in-the-middle@8.0.1", "", { "dependencies": { "debug": "^4.3.5", "module-details-from-path": "^1.0.3" } }, "sha512-QT7FVMXfWOYFbeRBF6nu+I6tr2Tf3u0q8RIEjNob/heKY/nh7drD/k7eeMFmSQgnTtCzLDcCu/XEnpW2wk4xCQ=="],

    "scheduler": ["scheduler@0.27.0", "", {}, "sha512-eNv+WrVbKu1f3vbYJT/xtiF5syA5HPIMtf9IgY/nKg0sWqzAUEvqY/xm7OcZc/qafLx/iO9FgOmeSAp4v5ti/Q=="],

    "tailwind-merge": ["tailwind-merge@3.5.0", "", {}, "sha512-I8K9wewnVDkL1NTGoqWmVEIlUcB9gFriAEkXkfCjX5ib8ezGxtR3xD7iZIxrfArjEsH7F1CHD4RFUtxefdqV/A=="],

    "tailwindcss": ["tailwindcss@4.2.0", "", {}, "sha512-yYzTZ4++b7fNYxFfpnberEEKu43w44aqDMNM9MHMmcKuCH7lL8jJ4yJ7LGHv7rSwiqM0nkiobF9I6cLlpS2P7Q=="],

    "typescript": ["typescript@5.9.3", "", { "bin": { "tsc": "bin/tsc", "tsserver": "bin/tsserver" } }, "sha512-jl1vZzPDinLr9eUt3J/t7V6FgNEw9QjvBPdysz9KfQDD41fQrC2Y4vKQdiaUpFT4bXlb1RHhLpp8wtm6M5TgSw=="],

    "undici-types": ["undici-types@7.18.2", "", {}, "sha512-AsuCzffGHJybSaRrmr5eHr81mwJU3kjw6M+uprWvCXiNeN9SOGwQ3Jn8jb8m3Z6izVgknn1R0FTCEAP2QrLY/w=="],

    "use-sync-external-store": ["use-sync-external-store@1.6.0", "", { "peerDependencies": { "react": "^16.8.0 || ^17.0.0 || ^18.0.0 || ^19.0.0" } }, "sha512-Pp6GSwGP/NrPIrxVFAIkOQeyw8lFenOHijQWkUTrDvrF4ALqylP2C/KCkeS9dpUM3KvYRQhna5vt7IL95+ZQ9w=="],

    "xtend": ["xtend@4.0.2", "", {}, "sha512-LKYU1iAXJXUgAXn9URjiu+MWhyUXHsvfp7mcuYm9dSUKK0/CjtrUwFAxD82/mCWbtLsGjFIad0wIsod4zrTAEQ=="],

    "zod": ["zod@4.3.6", "", {}, "sha512-rftlrkhHZOcjDwkGlnUtZZkvaPHCsDATp4pGpuOOMDaTdDDXF91wuVDJoWoPsKX/3YPQ5fHuF3STjcYyKr+Qhg=="],

    "@opentelemetry/instrumentation-http/@opentelemetry/core": ["@opentelemetry/core@2.5.0", "", { "dependencies": { "@opentelemetry/semantic-conventions": "^1.29.0" }, "peerDependencies": { "@opentelemetry/api": ">=1.0.0 <1.10.0" } }, "sha512-ka4H8OM6+DlUhSAZpONu0cPBtPPTQKxbxVzC4CzVx5+K4JnroJVBtDzLAMx4/3CDTJXRvVFhpFjtl4SaiTNoyQ=="],

    "@prisma/instrumentation/@opentelemetry/instrumentation": ["@opentelemetry/instrumentation@0.207.0", "", { "dependencies": { "@opentelemetry/api-logs": "0.207.0", "import-in-the-middle": "^2.0.0", "require-in-the-middle": "^8.0.0" }, "peerDependencies": { "@opentelemetry/api": "^1.3.0" } }, "sha512-y6eeli9+TLKnznrR8AZlQMSJT7wILpXH+6EYq5Vf/4Ao+huI7EedxQHwRgVUOMLFbe7VFDvHJrX9/f4lcwnJsA=="],

    "@prisma/instrumentation/@opentelemetry/instrumentation/@opentelemetry/api-logs": ["@opentelemetry/api-logs@0.207.0", "", { "dependencies": { "@opentelemetry/api": "^1.3.0" } }, "sha512-lAb0jQRVyleQQGiuuvCOTDVspc14nx6XJjP4FspJ1sNARo3Regq4ZZbrc3rN4b1TYSuUCvgH+UXUPug4SLOqEQ=="],
  }
}
